
Microsoft Visual Studio Solution File, Format Version 12.00
# Visual Studio Version 17
VisualStudioVersion = 17.1.32319.34
MinimumVisualStudioVersion = 10.0.40219.1
Project("{FAE04EC0-301F-11D3-BF4B-00C04F79EFBC}") = "Less_4", "Less_4\Less_4.csproj", "{4BE1D74D-9E5C-4440-B59F-D36362342E10}"
EndProject
Project("{FAE04EC0-301F-11D3-BF4B-00C04F79EFBC}") = "BuildCreator", "BuildCreator\BuildCreator.csproj", "{F179AC0B-55E6-44A2-BC95-7AE01FA04786}"
EndProject
Global
	GlobalSection(SolutionConfigurationPlatforms) = preSolution
		Debug|Any CPU = Debug|Any CPU
		Release|Any CPU = Release|Any CPU
	EndGlobalSection
	GlobalSection(ProjectConfigurationPlatforms) = postSolution
		{4BE1D74D-9E5C-4440-B59F-D36362342E10}.Debug|Any CPU.ActiveCfg = Debug|Any CPU
		{4BE1D74D-9E5C-4440-B59F-D36362342E10}.Debug|Any CPU.Build.0 = Debug|Any CPU
		{4BE1D74D-9E5C-4440-B59F-D36362342E10}.Release|Any CPU.ActiveCfg = Release|Any CPU
		{4BE1D74D-9E5C-4440-B59F-D36362342E10}.Release|Any CPU.Build.0 = Release|Any CPU
		{F179AC0B-55E6-44A2-BC95-7AE01FA04786}.Debug|Any CPU.ActiveCfg = Debug|Any CPU
		{F179AC0B-55E6-44A2-BC95-7AE01FA04786}.Debug|Any CPU.Build.0 = Debug|Any CPU
		{F179AC0B-55E6-44A2-BC95-7AE01FA04786}.Release|Any CPU.ActiveCfg = Release|Any CPU
		{F179AC0B-55E6-44A2-BC95-7AE01FA04786}.Release|Any CPU.Build.0 = Release|Any CPU
	EndGlobalSection
	GlobalSection(SolutionProperties) = preSolution
		HideSolutionNode = FALSE
	EndGlobalSection
	GlobalSection(ExtensibilityGlobals) = postSolution
		SolutionGuid = {D03F8A9D-BEF8-46ED-B091-1A0B86749749}
	EndGlobalSection
EndGlobal
